// !$*UTF8*$!
{
	archiveVersion = 1;
	classes = {
	};
	objectVersion = 50;
	objects = {

/* Begin PBXBuildFile section */
		18B29AD026580F1F003FCCA4 /* AppDelegate.swift in Sources */ = {isa = PBXBuildFile; fileRef = 18B29ACF26580F1F003FCCA4 /* AppDelegate.swift */; };
		18B29AD226580F1F003FCCA4 /* SceneDelegate.swift in Sources */ = {isa = PBXBuildFile; fileRef = 18B29AD126580F1F003FCCA4 /* SceneDelegate.swift */; };
		18B29AD426580F1F003FCCA4 /* ViewController.swift in Sources */ = {isa = PBXBuildFile; fileRef = 18B29AD326580F1F003FCCA4 /* ViewController.swift */; };
		18B29AD726580F1F003FCCA4 /* Main.storyboard in Resources */ = {isa = PBXBuildFile; fileRef = 18B29AD526580F1F003FCCA4 /* Main.storyboard */; };
		18B29AD926580F20003FCCA4 /* Assets.xcassets in Resources */ = {isa = PBXBuildFile; fileRef = 18B29AD826580F20003FCCA4 /* Assets.xcassets */; };
		18B29ADC26580F20003FCCA4 /* LaunchScreen.storyboard in Resources */ = {isa = PBXBuildFile; fileRef = 18B29ADA26580F20003FCCA4 /* LaunchScreen.storyboard */; };
		18B29AE726580F20003FCCA4 /* Demo2Tests.swift in Sources */ = {isa = PBXBuildFile; fileRef = 18B29AE626580F20003FCCA4 /* Demo2Tests.swift */; };
		18B29AF226580F20003FCCA4 /* Demo2UITests.swift in Sources */ = {isa = PBXBuildFile; fileRef = 18B29AF126580F20003FCCA4 /* Demo2UITests.swift */; };
/* End PBXBuildFile section */

/* Begin PBXContainerItemProxy section */
		18B29AE326580F20003FCCA4 /* PBXContainerItemProxy */ = {
			isa = PBXContainerItemProxy;
			containerPortal = 18B29AC426580F1F003FCCA4 /* Project object */;
			proxyType = 1;
			remoteGlobalIDString = 18B29ACB26580F1F003FCCA4;
			remoteInfo = Demo2;
		};
		18B29AEE26580F20003FCCA4 /* PBXContainerItemProxy */ = {
			isa = PBXContainerItemProxy;
			containerPortal = 18B29AC426580F1F003FCCA4 /* Project object */;
			proxyType = 1;
			remoteGlobalIDString = 18B29ACB26580F1F003FCCA4;
			remoteInfo = Demo2;
		};
/* End PBXContainerItemProxy section */

/* Begin PBXFileReference section */
		18B29ACC26580F1F003FCCA4 /* Demo2.app */ = {isa = PBXFileReference; explicitFileType = wrapper.application; includeInIndex = 0; path = Demo2.app; sourceTree = BUILT_PRODUCTS_DIR; };
		18B29ACF26580F1F003FCCA4 /* AppDelegate.swift */ = {isa = PBXFileReference; lastKnownFileType = sourcecode.swift; path = AppDelegate.swift; sourceTree = "<group>"; };
		18B29AD126580F1F003FCCA4 /* SceneDelegate.swift */ = {isa = PBXFileReference; lastKnownFileType = sourcecode.swift; path = SceneDelegate.swift; sourceTree = "<group>"; };
		18B29AD326580F1F003FCCA4 /* ViewController.swift */ = {isa = PBXFileReference; lastKnownFileType = sourcecode.swift; path = ViewController.swift; sourceTree = "<group>"; };
		18B29AD626580F1F003FCCA4 /* Base */ = {isa = PBXFileReference; lastKnownFileType = file.storyboard; name = Base; path = Base.lproj/Main.storyboard; sourceTree = "<group>"; };
		18B29AD826580F20003FCCA4 /* Assets.xcassets */ = {isa = PBXFileReference; lastKnownFileType = folder.assetcatalog; path = Assets.xcassets; sourceTree = "<group>"; };
		18B29ADB26580F20003FCCA4 /* Base */ = {isa = PBXFileReference; lastKnownFileType = file.storyboard; name = Base; path = Base.lproj/LaunchScreen.storyboard; sourceTree = "<group>"; };
		18B29ADD26580F20003FCCA4 /* Info.plist */ = {isa = PBXFileReference; lastKnownFileType = text.plist.xml; path = Info.plist; sourceTree = "<group>"; };
		18B29AE226580F20003FCCA4 /* Demo2Tests.xctest */ = {isa = PBXFileReference; explicitFileType = wrapper.cfbundle; includeInIndex = 0; path = Demo2Tests.xctest; sourceTree = BUILT_PRODUCTS_DIR; };
		18B29AE626580F20003FCCA4 /* Demo2Tests.swift */ = {isa = PBXFileReference; lastKnownFileType = sourcecode.swift; path = Demo2Tests.swift; sourceTree = "<group>"; };
		18B29AE826580F20003FCCA4 /* Info.plist */ = {isa = PBXFileReference; lastKnownFileType = text.plist.xml; path = Info.plist; sourceTree = "<group>"; };
		18B29AED26580F20003FCCA4 /* Demo2UITests.xctest */ = {isa = PBXFileReference; explicitFileType = wrapper.cfbundle; includeInIndex = 0; path = Demo2UITests.xctest; sourceTree = BUILT_PRODUCTS_DIR; };
		18B29AF126580F20003FCCA4 /* Demo2UITests.swift */ = {isa = PBXFileReference; lastKnownFileType = sourcecode.swift; path = Demo2UITests.swift; sourceTree = "<group>"; };
		18B29AF326580F20003FCCA4 /* Info.plist */ = {isa = PBXFileReference; lastKnownFileType = text.plist.xml; path = Info.plist; sourceTree = "<group>"; };
/* End PBXFileReference section */

/* Begin PBXFrameworksBuildPhase section */
		18B29AC926580F1F003FCCA4 /* Frameworks */ = {
			isa = PBXFrameworksBuildPhase;
			buildActionMask = 2147483647;
			files = (
			);
			runOnlyForDeploymentPostprocessing = 0;
		};
		18B29ADF26580F20003FCCA4 /* Frameworks */ = {
			isa = PBXFrameworksBuildPhase;
			buildActionMask = 2147483647;
			files = (
			);
			runOnlyForDeploymentPostprocessing = 0;
		};
		18B29AEA26580F20003FCCA4 /* Frameworks */ = {
			isa = PBXFrameworksBuildPhase;
			buildActionMask = 2147483647;
			files = (
			);
			runOnlyForDeploymentPostprocessing = 0;
		};
/* End PBXFrameworksBuildPhase section */

/* Begin PBXGroup section */
		18B29AC326580F1F003FCCA4 = {
			isa = PBXGroup;
			children = (
				18B29ACE26580F1F003FCCA4 /* Demo2 */,
				18B29AE526580F20003FCCA4 /* Demo2Tests */,
				18B29AF026580F20003FCCA4 /* Demo2UITests */,
				18B29ACD26580F1F003FCCA4 /* Products */,
			);
			sourceTree = "<group>";
		};
		18B29ACD26580F1F003FCCA4 /* Products */ = {
			isa = PBXGroup;
			children = (
				18B29ACC26580F1F003FCCA4 /* Demo2.app */,
				18B29AE226580F20003FCCA4 /* Demo2Tests.xctest */,
				18B29AED26580F20003FCCA4 /* Demo2UITests.xctest */,
			);
			name = Products;
			sourceTree = "<group>";
		};
		18B29ACE26580F1F003FCCA4 /* Demo2 */ = {
			isa = PBXGroup;
			children = (
				18B29ACF26580F1F003FCCA4 /* AppDelegate.swift */,
				18B29AD126580F1F003FCCA4 /* SceneDelegate.swift */,
				18B29AD326580F1F003FCCA4 /* ViewController.swift */,
				18B29AD526580F1F003FCCA4 /* Main.storyboard */,
				18B29AD826580F20003FCCA4 /* Assets.xcassets */,
				18B29ADA26580F20003FCCA4 /* LaunchScreen.storyboard */,
				18B29ADD26580F20003FCCA4 /* Info.plist */,
			);
			path = Demo2;
			sourceTree = "<group>";
		};
		18B29AE526580F20003FCCA4 /* Demo2Tests */ = {
			isa = PBXGroup;
			children = (
				18B29AE626580F20003FCCA4 /* Demo2Tests.swift */,
				18B29AE826580F20003FCCA4 /* Info.plist */,
			);
			path = Demo2Tests;
			sourceTree = "<group>";
		};
		18B29AF026580F20003FCCA4 /* Demo2UITests */ = {
			isa = PBXGroup;
			children = (
				18B29AF126580F20003FCCA4 /* Demo2UITests.swift */,
				18B29AF326580F20003FCCA4 /* Info.plist */,
			);
			path = Demo2UITests;
			sourceTree = "<group>";
		};
/* End PBXGroup section */

/* Begin PBXNativeTarget section */
		18B29ACB26580F1F003FCCA4 /* Demo2 */ = {
			isa = PBXNativeTarget;
			buildConfigurationList = 18B29AF626580F20003FCCA4 /* Build configuration list for PBXNativeTarget "Demo2" */;
			buildPhases = (
				18B29AC826580F1F003FCCA4 /* Sources */,
				18B29AC926580F1F003FCCA4 /* Frameworks */,
				18B29ACA26580F1F003FCCA4 /* Resources */,
			);
			buildRules = (
			);
			dependencies = (
			);
			name = Demo2;
			productName = Demo2;
			productReference = 18B29ACC26580F1F003FCCA4 /* Demo2.app */;
			productType = "com.apple.product-type.application";
		};
		18B29AE126580F20003FCCA4 /* Demo2Tests */ = {
			isa = PBXNativeTarget;
			buildConfigurationList = 18B29AF926580F20003FCCA4 /* Build configuration list for PBXNativeTarget "Demo2Tests" */;
			buildPhases = (
				18B29ADE26580F20003FCCA4 /* Sources */,
				18B29ADF26580F20003FCCA4 /* Frameworks */,
				18B29AE026580F20003FCCA4 /* Resources */,
			);
			buildRules = (
			);
			dependencies = (
				18B29AE426580F20003FCCA4 /* PBXTargetDependency */,
			);
			name = Demo2Tests;
			productName = Demo2Tests;
			productReference = 18B29AE226580F20003FCCA4 /* Demo2Tests.xctest */;
			productType = "com.apple.product-type.bundle.unit-test";
		};
		18B29AEC26580F20003FCCA4 /* Demo2UITests */ = {
			isa = PBXNativeTarget;
			buildConfigurationList = 18B29AFC26580F20003FCCA4 /* Build configuration list for PBXNativeTarget "Demo2UITests" */;
			buildPhases = (
				18B29AE926580F20003FCCA4 /* Sources */,
				18B29AEA26580F20003FCCA4 /* Frameworks */,
				18B29AEB26580F20003FCCA4 /* Resources */,
			);
			buildRules = (
			);
			dependencies = (
				18B29AEF26580F20003FCCA4 /* PBXTargetDependency */,
			);
			name = Demo2UITests;
			productName = Demo2UITests;
			productReference = 18B29AED26580F20003FCCA4 /* Demo2UITests.xctest */;
			productType = "com.apple.product-type.bundle.ui-testing";
		};
/* End PBXNativeTarget section */

/* Begin PBXProject section */
		18B29AC426580F1F003FCCA4 /* Project object */ = {
			isa = PBXProject;
			attributes = {
				LastSwiftUpdateCheck = 1250;
				LastUpgradeCheck = 1250;
				TargetAttributes = {
					18B29ACB26580F1F003FCCA4 = {
						CreatedOnToolsVersion = 12.5;
					};
					18B29AE126580F20003FCCA4 = {
						CreatedOnToolsVersion = 12.5;
						TestTargetID = 18B29ACB26580F1F003FCCA4;
					};
					18B29AEC26580F20003FCCA4 = {
						CreatedOnToolsVersion = 12.5;
						TestTargetID = 18B29ACB26580F1F003FCCA4;
					};
				};
			};
			buildConfigurationList = 18B29AC726580F1F003FCCA4 /* Build configuration list for PBXProject "Demo2" */;
			compatibilityVersion = "Xcode 9.3";
			developmentRegion = en;
			hasScannedForEncodings = 0;
			knownRegions = (
				en,
				Base,
			);
			mainGroup = 18B29AC326580F1F003FCCA4;
			productRefGroup = 18B29ACD26580F1F003FCCA4 /* Products */;
			projectDirPath = "";
			projectRoot = "";
			targets = (
				18B29ACB26580F1F003FCCA4 /* Demo2 */,
				18B29AE126580F20003FCCA4 /* Demo2Tests */,
				18B29AEC26580F20003FCCA4 /* Demo2UITests */,
			);
		};
/* End PBXProject section */

/* Begin PBXResourcesBuildPhase section */
		18B29ACA26580F1F003FCCA4 /* Resources */ = {
			isa = PBXResourcesBuildPhase;
			buildActionMask = 2147483647;
			files = (
				18B29ADC26580F20003FCCA4 /* LaunchScreen.storyboard in Resources */,
				18B29AD926580F20003FCCA4 /* Assets.xcassets in Resources */,
				18B29AD726580F1F003FCCA4 /* Main.storyboard in Resources */,
			);
			runOnlyForDeploymentPostprocessing = 0;
		};
		18B29AE026580F20003FCCA4 /* Resources */ = {
			isa = PBXResourcesBuildPhase;
			buildActionMask = 2147483647;
			files = (
			);
			runOnlyForDeploymentPostprocessing = 0;
		};
		18B29AEB26580F20003FCCA4 /* Resources */ = {
			isa = PBXResourcesBuildPhase;
			buildActionMask = 2147483647;
			files = (
			);
			runOnlyForDeploymentPostprocessing = 0;
		};
/* End PBXResourcesBuildPhase section */

/* Begin PBXSourcesBuildPhase section */
		18B29AC826580F1F003FCCA4 /* Sources */ = {
			isa = PBXSourcesBuildPhase;
			buildActionMask = 2147483647;
			files = (
				18B29AD426580F1F003FCCA4 /* ViewController.swift in Sources */,
				18B29AD026580F1F003FCCA4 /* AppDelegate.swift in Sources */,
				18B29AD226580F1F003FCCA4 /* SceneDelegate.swift in Sources */,
			);
			runOnlyForDeploymentPostprocessing = 0;
		};
		18B29ADE26580F20003FCCA4 /* Sources */ = {
			isa = PBXSourcesBuildPhase;
			buildActionMask = 2147483647;
			files = (
				18B29AE726580F20003FCCA4 /* Demo2Tests.swift in Sources */,
			);
			runOnlyForDeploymentPostprocessing = 0;
		};
		18B29AE926580F20003FCCA4 /* Sources */ = {
			isa = PBXSourcesBuildPhase;
			buildActionMask = 2147483647;
			files = (
				18B29AF226580F20003FCCA4 /* Demo2UITests.swift in Sources */,
			);
			runOnlyForDeploymentPostprocessing = 0;
		};
/* End PBXSourcesBuildPhase section */

/* Begin PBXTargetDependency section */
		18B29AE426580F20003FCCA4 /* PBXTargetDependency */ = {
			isa = PBXTargetDependency;
			target = 18B29ACB26580F1F003FCCA4 /* Demo2 */;
			targetProxy = 18B29AE326580F20003FCCA4 /* PBXContainerItemProxy */;
		};
		18B29AEF26580F20003FCCA4 /* PBXTargetDependency */ = {
			isa = PBXTargetDependency;
			target = 18B29ACB26580F1F003FCCA4 /* Demo2 */;
			targetProxy = 18B29AEE26580F20003FCCA4 /* PBXContainerItemProxy */;
		};
/* End PBXTargetDependency section */

/* Begin PBXVariantGroup section */
		18B29AD526580F1F003FCCA4 /* Main.storyboard */ = {
			isa = PBXVariantGroup;
			children = (
				18B29AD626580F1F003FCCA4 /* Base */,
			);
			name = Main.storyboard;
			sourceTree = "<group>";
		};
		18B29ADA26580F20003FCCA4 /* LaunchScreen.storyboard */ = {
			isa = PBXVariantGroup;
			children = (
				18B29ADB26580F20003FCCA4 /* Base */,
			);
			name = LaunchScreen.storyboard;
			sourceTree = "<group>";
		};
/* End PBXVariantGroup section */

/* Begin XCBuildConfiguration section */
		18B29AF426580F20003FCCA4 /* Debug */ = {
			isa = XCBuildConfiguration;
			buildSettings = {
				ALWAYS_SEARCH_USER_PATHS = NO;
				CLANG_ANALYZER_NONNULL = YES;
				CLANG_ANALYZER_NUMBER_OBJECT_CONVERSION = YES_AGGRESSIVE;
				CLANG_CXX_LANGUAGE_STANDARD = "gnu++14";
				CLANG_CXX_LIBRARY = "libc++";
				CLANG_ENABLE_MODULES = YES;
				CLANG_ENABLE_OBJC_ARC = YES;
				CLANG_ENABLE_OBJC_WEAK = YES;
				CLANG_WARN_BLOCK_CAPTURE_AUTORELEASING = YES;
				CLANG_WARN_BOOL_CONVERSION = YES;
				CLANG_WARN_COMMA = YES;
				CLANG_WARN_CONSTANT_CONVERSION = YES;
				CLANG_WARN_DEPRECATED_OBJC_IMPLEMENTATIONS = YES;
				CLANG_WARN_DIRECT_OBJC_ISA_USAGE = YES_ERROR;
				CLANG_WARN_DOCUMENTATION_COMMENTS = YES;
				CLANG_WARN_EMPTY_BODY = YES;
				CLANG_WARN_ENUM_CONVERSION = YES;
				CLANG_WARN_INFINITE_RECURSION = YES;
				CLANG_WARN_INT_CONVERSION = YES;
				CLANG_WARN_NON_LITERAL_NULL_CONVERSION = YES;
				CLANG_WARN_OBJC_IMPLICIT_RETAIN_SELF = YES;
				CLANG_WARN_OBJC_LITERAL_CONVERSION = YES;
				CLANG_WARN_OBJC_ROOT_CLASS = YES_ERROR;
				CLANG_WARN_QUOTED_INCLUDE_IN_FRAMEWORK_HEADER = YES;
				CLANG_WARN_RANGE_LOOP_ANALYSIS = YES;
				CLANG_WARN_STRICT_PROTOTYPES = YES;
				CLANG_WARN_SUSPICIOUS_MOVE = YES;
				CLANG_WARN_UNGUARDED_AVAILABILITY = YES_AGGRESSIVE;
				CLANG_WARN_UNREACHABLE_CODE = YES;
				CLANG_WARN__DUPLICATE_METHOD_MATCH = YES;
				COPY_PHASE_STRIP = NO;
				DEBUG_INFORMATION_FORMAT = dwarf;
				ENABLE_STRICT_OBJC_MSGSEND = YES;
				ENABLE_TESTABILITY = YES;
				GCC_C_LANGUAGE_STANDARD = gnu11;
				GCC_DYNAMIC_NO_PIC = NO;
				GCC_NO_COMMON_BLOCKS = YES;
				GCC_OPTIMIZATION_LEVEL = 0;
				GCC_PREPROCESSOR_DEFINITIONS = (
					"DEBUG=1",
					"$(inherited)",
				);
				GCC_WARN_64_TO_32_BIT_CONVERSION = YES;
				GCC_WARN_ABOUT_RETURN_TYPE = YES_ERROR;
				GCC_WARN_UNDECLARED_SELECTOR = YES;
				GCC_WARN_UNINITIALIZED_AUTOS = YES_AGGRESSIVE;
				GCC_WARN_UNUSED_FUNCTION = YES;
				GCC_WARN_UNUSED_VARIABLE = YES;
				IPHONEOS_DEPLOYMENT_TARGET = 14.5;
				MTL_ENABLE_DEBUG_INFO = INCLUDE_SOURCE;
				MTL_FAST_MATH = YES;
				ONLY_ACTIVE_ARCH = YES;
				SDKROOT = iphoneos;
				SWIFT_ACTIVE_COMPILATION_CONDITIONS = DEBUG;
				SWIFT_OPTIMIZATION_LEVEL = "-Onone";
			};
			name = Debug;
		};
		18B29AF526580F20003FCCA4 /* Release */ = {
			isa = XCBuildConfiguration;
			buildSettings = {
				ALWAYS_SEARCH_USER_PATHS = NO;
				CLANG_ANALYZER_NONNULL = YES;
				CLANG_ANALYZER_NUMBER_OBJECT_CONVERSION = YES_AGGRESSIVE;
				CLANG_CXX_LANGUAGE_STANDARD = "gnu++14";
				CLANG_CXX_LIBRARY = "libc++";
				CLANG_ENABLE_MODULES = YES;
				CLANG_ENABLE_OBJC_ARC = YES;
				CLANG_ENABLE_OBJC_WEAK = YES;
				CLANG_WARN_BLOCK_CAPTURE_AUTORELEASING = YES;
				CLANG_WARN_BOOL_CONVERSION = YES;
				CLANG_WARN_COMMA = YES;
				CLANG_WARN_CONSTANT_CONVERSION = YES;
				CLANG_WARN_DEPRECATED_OBJC_IMPLEMENTATIONS = YES;
				CLANG_WARN_DIRECT_OBJC_ISA_USAGE = YES_ERROR;
				CLANG_WARN_DOCUMENTATION_COMMENTS = YES;
				CLANG_WARN_EMPTY_BODY = YES;
				CLANG_WARN_ENUM_CONVERSION = YES;
				CLANG_WARN_INFINITE_RECURSION = YES;
				CLANG_WARN_INT_CONVERSION = YES;
				CLANG_WARN_NON_LITERAL_NULL_CONVERSION = YES;
				CLANG_WARN_OBJC_IMPLICIT_RETAIN_SELF = YES;
				CLANG_WARN_OBJC_LITERAL_CONVERSION = YES;
				CLANG_WARN_OBJC_ROOT_CLASS = YES_ERROR;
				CLANG_WARN_QUOTED_INCLUDE_IN_FRAMEWORK_HEADER = YES;
				CLANG_WARN_RANGE_LOOP_ANALYSIS = YES;
				CLANG_WARN_STRICT_PROTOTYPES = YES;
				CLANG_WARN_SUSPICIOUS_MOVE = YES;
				CLANG_WARN_UNGUARDED_AVAILABILITY = YES_AGGRESSIVE;
				CLANG_WARN_UNREACHABLE_CODE = YES;
				CLANG_WARN__DUPLICATE_METHOD_MATCH = YES;
				COPY_PHASE_STRIP = NO;
				DEBUG_INFORMATION_FORMAT = "dwarf-with-dsym";
				ENABLE_NS_ASSERTIONS = NO;
				ENABLE_STRICT_OBJC_MSGSEND = YES;
				GCC_C_LANGUAGE_STANDARD = gnu11;
				GCC_NO_COMMON_BLOCKS = YES;
				GCC_WARN_64_TO_32_BIT_CONVERSION = YES;
				GCC_WARN_ABOUT_RETURN_TYPE = YES_ERROR;
				GCC_WARN_UNDECLARED_SELECTOR = YES;
				GCC_WARN_UNINITIALIZED_AUTOS = YES_AGGRESSIVE;
				GCC_WARN_UNUSED_FUNCTION = YES;
				GCC_WARN_UNUSED_VARIABLE = YES;
				IPHONEOS_DEPLOYMENT_TARGET = 14.5;
				MTL_ENABLE_DEBUG_INFO = NO;
				MTL_FAST_MATH = YES;
				SDKROOT = iphoneos;
				SWIFT_COMPILATION_MODE = wholemodule;
				SWIFT_OPTIMIZATION_LEVEL = "-O";
				VALIDATE_PRODUCT = YES;
			};
			name = Release;
		};
		18B29AF726580F20003FCCA4 /* Debug */ = {
			isa = XCBuildConfiguration;
			buildSettings = {
				ASSETCATALOG_COMPILER_APPICON_NAME = AppIcon;
				ASSETCATALOG_COMPILER_GLOBAL_ACCENT_COLOR_NAME = AccentColor;
				CODE_SIGN_STYLE = Automatic;
				INFOPLIST_FILE = Demo2/Info.plist;
				LD_RUNPATH_SEARCH_PATHS = (
					"$(inherited)",
					"@executable_path/Frameworks",
				);
				PRODUCT_BUNDLE_IDENTIFIER = demo.Demo2;
				PRODUCT_NAME = "$(TARGET_NAME)";
				SWIFT_VERSION = 5.0;
				TARGETED_DEVICE_FAMILY = "1,2";
			};
			name = Debug;
		};
		18B29AF826580F20003FCCA4 /* Release */ = {
			isa = XCBuildConfiguration;
			buildSettings = {
				ASSETCATALOG_COMPILER_APPICON_NAME = AppIcon;
				ASSETCATALOG_COMPILER_GLOBAL_ACCENT_COLOR_NAME = AccentColor;
				CODE_SIGN_STYLE = Automatic;
				INFOPLIST_FILE = Demo2/Info.plist;
				LD_RUNPATH_SEARCH_PATHS = (
					"$(inherited)",
					"@executable_path/Frameworks",
				);
				PRODUCT_BUNDLE_IDENTIFIER = demo.Demo2;
				PRODUCT_NAME = "$(TARGET_NAME)";
				SWIFT_VERSION = 5.0;
				TARGETED_DEVICE_FAMILY = "1,2";
			};
			name = Release;
		};
		18B29AFA26580F20003FCCA4 /* Debug */ = {
			isa = XCBuildConfiguration;
			buildSettings = {
				ALWAYS_EMBED_SWIFT_STANDARD_LIBRARIES = YES;
				BUNDLE_LOADER = "$(TEST_HOST)";
				CODE_SIGN_STYLE = Automatic;
				INFOPLIST_FILE = Demo2Tests/Info.plist;
				IPHONEOS_DEPLOYMENT_TARGET = 14.5;
				LD_RUNPATH_SEARCH_PATHS = (
					"$(inherited)",
					"@executable_path/Frameworks",
					"@loader_path/Frameworks",
				);
				PRODUCT_BUNDLE_IDENTIFIER = demo.Demo2Tests;
				PRODUCT_NAME = "$(TARGET_NAME)";
				SWIFT_VERSION = 5.0;
				TARGETED_DEVICE_FAMILY = "1,2";
				TEST_HOST = "$(BUILT_PRODUCTS_DIR)/Demo2.app/Demo2";
			};
			name = Debug;
		};
		18B29AFB26580F20003FCCA4 /* Release */ = {
			isa = XCBuildConfiguration;
			buildSettings = {
				ALWAYS_EMBED_SWIFT_STANDARD_LIBRARIES = YES;
				BUNDLE_LOADER = "$(TEST_HOST)";
				CODE_SIGN_STYLE = Automatic;
				INFOPLIST_FILE = Demo2Tests/Info.plist;
				IPHONEOS_DEPLOYMENT_TARGET = 14.5;
				LD_RUNPATH_SEARCH_PATHS = (
					"$(inherited)",
					"@executable_path/Frameworks",
					"@loader_path/Frameworks",
				);
				PRODUCT_BUNDLE_IDENTIFIER = demo.Demo2Tests;
				PRODUCT_NAME = "$(TARGET_NAME)";
				SWIFT_VERSION = 5.0;
				TARGETED_DEVICE_FAMILY = "1,2";
				TEST_HOST = "$(BUILT_PRODUCTS_DIR)/Demo2.app/Demo2";
			};
			name = Release;
		};
		18B29AFD26580F20003FCCA4 /* Debug */ = {
			isa = XCBuildConfiguration;
			buildSettings = {
				ALWAYS_EMBED_SWIFT_STANDARD_LIBRARIES = YES;
				CODE_SIGN_STYLE = Automatic;
				INFOPLIST_FILE = Demo2UITests/Info.plist;
				LD_RUNPATH_SEARCH_PATHS = (
					"$(inherited)",
					"@executable_path/Frameworks",
					"@loader_path/Frameworks",
				);
				PRODUCT_BUNDLE_IDENTIFIER = demo.Demo2UITests;
				PRODUCT_NAME = "$(TARGET_NAME)";
				SWIFT_VERSION = 5.0;
				TARGETED_DEVICE_FAMILY = "1,2";
				TEST_TARGET_NAME = Demo2;
			};
			name = Debug;
		};
		18B29AFE26580F20003FCCA4 /* Release */ = {
			isa = XCBuildConfiguration;
			buildSettings = {
				ALWAYS_EMBED_SWIFT_STANDARD_LIBRARIES = YES;
				CODE_SIGN_STYLE = Automatic;
				INFOPLIST_FILE = Demo2UITests/Info.plist;
				LD_RUNPATH_SEARCH_PATHS = (
					"$(inherited)",
					"@executable_path/Frameworks",
					"@loader_path/Frameworks",
				);
				PRODUCT_BUNDLE_IDENTIFIER = demo.Demo2UITests;
				PRODUCT_NAME = "$(TARGET_NAME)";
				SWIFT_VERSION = 5.0;
				TARGETED_DEVICE_FAMILY = "1,2";
				TEST_TARGET_NAME = Demo2;
			};
			name = Release;
		};
/* End XCBuildConfiguration section */

/* Begin XCConfigurationList section */
		18B29AC726580F1F003FCCA4 /* Build configuration list for PBXProject "Demo2" */ = {
			isa = XCConfigurationList;
			buildConfigurations = (
				18B29AF426580F20003FCCA4 /* Debug */,
				18B29AF526580F20003FCCA4 /* Release */,
			);
			defaultConfigurationIsVisible = 0;
			defaultConfigurationName = Release;
		};
		18B29AF626580F20003FCCA4 /* Build configuration list for PBXNativeTarget "Demo2" */ = {
			isa = XCConfigurationList;
			buildConfigurations = (
				18B29AF726580F20003FCCA4 /* Debug */,
				18B29AF826580F20003FCCA4 /* Release */,
			);
			defaultConfigurationIsVisible = 0;
			defaultConfigurationName = Release;
		};
		18B29AF926580F20003FCCA4 /* Build configuration list for PBXNativeTarget "Demo2Tests" */ = {
			isa = XCConfigurationList;
			buildConfigurations = (
				18B29AFA26580F20003FCCA4 /* Debug */,
				18B29AFB26580F20003FCCA4 /* Release */,
			);
			defaultConfigurationIsVisible = 0;
			defaultConfigurationName = Release;
		};
		18B29AFC26580F20003FCCA4 /* Build configuration list for PBXNativeTarget "Demo2UITests" */ = {
			isa = XCConfigurationList;
			buildConfigurations = (
				18B29AFD26580F20003FCCA4 /* Debug */,
				18B29AFE26580F20003FCCA4 /* Release */,
			);
			defaultConfigurationIsVisible = 0;
			defaultConfigurationName = Release;
		};
/* End XCConfigurationList section */
	};
	rootObject = 18B29AC426580F1F003FCCA4 /* Project object */;
}
